
Microsoft Visual Studio Solution File, Format Version 12.00
# Visual Studio 15
VisualStudioVersion = 15.0.26403.7
MinimumVisualStudioVersion = 10.0.40219.1
Project("{FAE04EC0-301F-11D3-BF4B-00C04F79EFBC}") = "Projeto_NFe.Domain", "Projeto_NFe.Domain\Projeto_NFe.Domain.csproj", "{8EEE9C7C-751E-4879-818B-BC8B3131D0E8}"
EndProject
Project("{2150E333-8FDC-42A3-9474-1A3956D46DE8}") = "3 - Domain", "3 - Domain", "{250FC20D-5D6D-4D86-A7F2-DF75A6F82B7D}"
EndProject
Project("{2150E333-8FDC-42A3-9474-1A3956D46DE8}") = "2 - Application", "2 - Application", "{47239588-6CEC-4A66-859F-8937123EC7B6}"
EndProject
Project("{2150E333-8FDC-42A3-9474-1A3956D46DE8}") = "1 - Distributed Services", "1 - Distributed Services", "{62FF4A10-8DB8-4E4A-9BB3-DBD4731B1FB7}"
EndProject
Project("{2150E333-8FDC-42A3-9474-1A3956D46DE8}") = "4 - Infrastructure", "4 - Infrastructure", "{889D683E-7A41-44B6-825A-1DD1CB548F88}"
EndProject
Project("{2150E333-8FDC-42A3-9474-1A3956D46DE8}") = "Tests", "Tests", "{D62FF386-830B-4AF4-964C-1277C475D2C1}"
EndProject
Project("{FAE04EC0-301F-11D3-BF4B-00C04F79EFBC}") = "Projeto_NFe.Domain.Tests", "Projeto_NFe.Domain.Tests\Projeto_NFe.Domain.Tests.csproj", "{B695A638-AC88-4DE6-BC83-527A564069DC}"
EndProject
Project("{FAE04EC0-301F-11D3-BF4B-00C04F79EFBC}") = "Projeto_NFe.Application.Tests", "Projeto_NFe.Application.Tests\Projeto_NFe.Application.Tests.csproj", "{181F5678-EE0B-4312-9F59-47654F4872EE}"
EndProject
Project("{FAE04EC0-301F-11D3-BF4B-00C04F79EFBC}") = "Projeto_NFe.Common.Tests", "Projeto_NFe.Common.Tests\Projeto_NFe.Common.Tests.csproj", "{A49A7233-9D21-4F7E-AF6C-71B882696C96}"
EndProject
Project("{FAE04EC0-301F-11D3-BF4B-00C04F79EFBC}") = "Projeto_NFe.Application", "Projeto_NFe.Application\Projeto_NFe.Application.csproj", "{D2707955-E91F-411F-BA74-89B6247BC8F1}"
EndProject
Project("{FAE04EC0-301F-11D3-BF4B-00C04F79EFBC}") = "Projeto_NFe.Infra", "Projeto_NFe.Infra\Projeto_NFe.Infra.csproj", "{ECC23E9C-2A08-4F39-A6C9-FDD984D2333D}"
EndProject
Project("{FAE04EC0-301F-11D3-BF4B-00C04F79EFBC}") = "Projeto_NFe.Infra.PDF", "Projeto_NFe.Infra.PDF\Projeto_NFe.Infra.PDF.csproj", "{E26FE2D5-8A0E-4917-9DD9-2F68DEEBC3C3}"
EndProject
Project("{FAE04EC0-301F-11D3-BF4B-00C04F79EFBC}") = "Projeto_NFe.Infra.PDF.Tests", "Projeto_NFe.Infra.PDF.Tests\Projeto_NFe.Infra.PDF.Tests.csproj", "{ABA08B8C-7D48-4C32-83BB-BBC928F61877}"
EndProject
Project("{FAE04EC0-301F-11D3-BF4B-00C04F79EFBC}") = "Projeto_NFe.Infra.XML", "Projeto_NFe.Infra.XML\Projeto_NFe.Infra.XML.csproj", "{49DFE5C1-B081-4411-BE98-96E385DE9394}"
EndProject
Project("{FAE04EC0-301F-11D3-BF4B-00C04F79EFBC}") = "Projeto_NFe.Infra.XML.Tests", "Projeto_NFe.Infra.XML.Tests\Projeto_NFe.Infra.XML.Tests.csproj", "{F35CDF02-A5ED-4269-BB64-C9E9DFF27F85}"
EndProject
Project("{FAE04EC0-301F-11D3-BF4B-00C04F79EFBC}") = "Projeto_NFe.Infra.ORM.Tests", "Projeto_NFe.Infra.ORM.Tests\Projeto_NFe.Infra.ORM.Tests.csproj", "{119FA315-2FE5-4F6C-A4CA-FF56E122D8DC}"
EndProject
Project("{FAE04EC0-301F-11D3-BF4B-00C04F79EFBC}") = "Projeto_NFe.API", "Projeto_NFe.API\Projeto_NFe.API.csproj", "{CFC56159-C7F4-4C3D-80A6-3746F760C53B}"
EndProject
Project("{FAE04EC0-301F-11D3-BF4B-00C04F79EFBC}") = "Projeto_NFe.Infra.ORM", "Projeto_NFe.Infra.ORM\Projeto_NFe.Infra.ORM.csproj", "{776B9038-C2F0-40CC-8E35-64A41E639AEA}"
EndProject
Project("{FAE04EC0-301F-11D3-BF4B-00C04F79EFBC}") = "Projeto_NFe.Controllers.Tests", "Projeto_NFe.Controllers.Tests\Projeto_NFe.Controllers.Tests.csproj", "{044A1741-8A2E-48DF-AAED-620952DCF2FF}"
EndProject
Global
	GlobalSection(SolutionConfigurationPlatforms) = preSolution
		Debug|Any CPU = Debug|Any CPU
		Release|Any CPU = Release|Any CPU
	EndGlobalSection
	GlobalSection(ProjectConfigurationPlatforms) = postSolution
		{8EEE9C7C-751E-4879-818B-BC8B3131D0E8}.Debug|Any CPU.ActiveCfg = Debug|Any CPU
		{8EEE9C7C-751E-4879-818B-BC8B3131D0E8}.Debug|Any CPU.Build.0 = Debug|Any CPU
		{8EEE9C7C-751E-4879-818B-BC8B3131D0E8}.Release|Any CPU.ActiveCfg = Release|Any CPU
		{8EEE9C7C-751E-4879-818B-BC8B3131D0E8}.Release|Any CPU.Build.0 = Release|Any CPU
		{B695A638-AC88-4DE6-BC83-527A564069DC}.Debug|Any CPU.ActiveCfg = Debug|Any CPU
		{B695A638-AC88-4DE6-BC83-527A564069DC}.Debug|Any CPU.Build.0 = Debug|Any CPU
		{B695A638-AC88-4DE6-BC83-527A564069DC}.Release|Any CPU.ActiveCfg = Release|Any CPU
		{B695A638-AC88-4DE6-BC83-527A564069DC}.Release|Any CPU.Build.0 = Release|Any CPU
		{181F5678-EE0B-4312-9F59-47654F4872EE}.Debug|Any CPU.ActiveCfg = Debug|Any CPU
		{181F5678-EE0B-4312-9F59-47654F4872EE}.Debug|Any CPU.Build.0 = Debug|Any CPU
		{181F5678-EE0B-4312-9F59-47654F4872EE}.Release|Any CPU.ActiveCfg = Release|Any CPU
		{181F5678-EE0B-4312-9F59-47654F4872EE}.Release|Any CPU.Build.0 = Release|Any CPU
		{A49A7233-9D21-4F7E-AF6C-71B882696C96}.Debug|Any CPU.ActiveCfg = Debug|Any CPU
		{A49A7233-9D21-4F7E-AF6C-71B882696C96}.Debug|Any CPU.Build.0 = Debug|Any CPU
		{A49A7233-9D21-4F7E-AF6C-71B882696C96}.Release|Any CPU.ActiveCfg = Release|Any CPU
		{A49A7233-9D21-4F7E-AF6C-71B882696C96}.Release|Any CPU.Build.0 = Release|Any CPU
		{D2707955-E91F-411F-BA74-89B6247BC8F1}.Debug|Any CPU.ActiveCfg = Debug|Any CPU
		{D2707955-E91F-411F-BA74-89B6247BC8F1}.Debug|Any CPU.Build.0 = Debug|Any CPU
		{D2707955-E91F-411F-BA74-89B6247BC8F1}.Release|Any CPU.ActiveCfg = Release|Any CPU
		{D2707955-E91F-411F-BA74-89B6247BC8F1}.Release|Any CPU.Build.0 = Release|Any CPU
		{ECC23E9C-2A08-4F39-A6C9-FDD984D2333D}.Debug|Any CPU.ActiveCfg = Debug|Any CPU
		{ECC23E9C-2A08-4F39-A6C9-FDD984D2333D}.Debug|Any CPU.Build.0 = Debug|Any CPU
		{ECC23E9C-2A08-4F39-A6C9-FDD984D2333D}.Release|Any CPU.ActiveCfg = Release|Any CPU
		{ECC23E9C-2A08-4F39-A6C9-FDD984D2333D}.Release|Any CPU.Build.0 = Release|Any CPU
		{E26FE2D5-8A0E-4917-9DD9-2F68DEEBC3C3}.Debug|Any CPU.ActiveCfg = Debug|Any CPU
		{E26FE2D5-8A0E-4917-9DD9-2F68DEEBC3C3}.Debug|Any CPU.Build.0 = Debug|Any CPU
		{E26FE2D5-8A0E-4917-9DD9-2F68DEEBC3C3}.Release|Any CPU.ActiveCfg = Release|Any CPU
		{E26FE2D5-8A0E-4917-9DD9-2F68DEEBC3C3}.Release|Any CPU.Build.0 = Release|Any CPU
		{ABA08B8C-7D48-4C32-83BB-BBC928F61877}.Debug|Any CPU.ActiveCfg = Debug|Any CPU
		{ABA08B8C-7D48-4C32-83BB-BBC928F61877}.Debug|Any CPU.Build.0 = Debug|Any CPU
		{ABA08B8C-7D48-4C32-83BB-BBC928F61877}.Release|Any CPU.ActiveCfg = Release|Any CPU
		{ABA08B8C-7D48-4C32-83BB-BBC928F61877}.Release|Any CPU.Build.0 = Release|Any CPU
		{49DFE5C1-B081-4411-BE98-96E385DE9394}.Debug|Any CPU.ActiveCfg = Debug|Any CPU
		{49DFE5C1-B081-4411-BE98-96E385DE9394}.Debug|Any CPU.Build.0 = Debug|Any CPU
		{49DFE5C1-B081-4411-BE98-96E385DE9394}.Release|Any CPU.ActiveCfg = Release|Any CPU
		{49DFE5C1-B081-4411-BE98-96E385DE9394}.Release|Any CPU.Build.0 = Release|Any CPU
		{F35CDF02-A5ED-4269-BB64-C9E9DFF27F85}.Debug|Any CPU.ActiveCfg = Debug|Any CPU
		{F35CDF02-A5ED-4269-BB64-C9E9DFF27F85}.Debug|Any CPU.Build.0 = Debug|Any CPU
		{F35CDF02-A5ED-4269-BB64-C9E9DFF27F85}.Release|Any CPU.ActiveCfg = Release|Any CPU
		{F35CDF02-A5ED-4269-BB64-C9E9DFF27F85}.Release|Any CPU.Build.0 = Release|Any CPU
		{119FA315-2FE5-4F6C-A4CA-FF56E122D8DC}.Debug|Any CPU.ActiveCfg = Debug|Any CPU
		{119FA315-2FE5-4F6C-A4CA-FF56E122D8DC}.Debug|Any CPU.Build.0 = Debug|Any CPU
		{119FA315-2FE5-4F6C-A4CA-FF56E122D8DC}.Release|Any CPU.ActiveCfg = Release|Any CPU
		{119FA315-2FE5-4F6C-A4CA-FF56E122D8DC}.Release|Any CPU.Build.0 = Release|Any CPU
		{CFC56159-C7F4-4C3D-80A6-3746F760C53B}.Debug|Any CPU.ActiveCfg = Debug|Any CPU
		{CFC56159-C7F4-4C3D-80A6-3746F760C53B}.Debug|Any CPU.Build.0 = Debug|Any CPU
		{CFC56159-C7F4-4C3D-80A6-3746F760C53B}.Release|Any CPU.ActiveCfg = Release|Any CPU
		{CFC56159-C7F4-4C3D-80A6-3746F760C53B}.Release|Any CPU.Build.0 = Release|Any CPU
		{776B9038-C2F0-40CC-8E35-64A41E639AEA}.Debug|Any CPU.ActiveCfg = Debug|Any CPU
		{776B9038-C2F0-40CC-8E35-64A41E639AEA}.Debug|Any CPU.Build.0 = Debug|Any CPU
		{776B9038-C2F0-40CC-8E35-64A41E639AEA}.Release|Any CPU.ActiveCfg = Release|Any CPU
		{776B9038-C2F0-40CC-8E35-64A41E639AEA}.Release|Any CPU.Build.0 = Release|Any CPU
		{044A1741-8A2E-48DF-AAED-620952DCF2FF}.Debug|Any CPU.ActiveCfg = Debug|Any CPU
		{044A1741-8A2E-48DF-AAED-620952DCF2FF}.Debug|Any CPU.Build.0 = Debug|Any CPU
		{044A1741-8A2E-48DF-AAED-620952DCF2FF}.Release|Any CPU.ActiveCfg = Release|Any CPU
		{044A1741-8A2E-48DF-AAED-620952DCF2FF}.Release|Any CPU.Build.0 = Release|Any CPU
	EndGlobalSection
	GlobalSection(SolutionProperties) = preSolution
		HideSolutionNode = FALSE
	EndGlobalSection
	GlobalSection(NestedProjects) = preSolution
		{8EEE9C7C-751E-4879-818B-BC8B3131D0E8} = {250FC20D-5D6D-4D86-A7F2-DF75A6F82B7D}
		{B695A638-AC88-4DE6-BC83-527A564069DC} = {D62FF386-830B-4AF4-964C-1277C475D2C1}
		{181F5678-EE0B-4312-9F59-47654F4872EE} = {D62FF386-830B-4AF4-964C-1277C475D2C1}
		{A49A7233-9D21-4F7E-AF6C-71B882696C96} = {D62FF386-830B-4AF4-964C-1277C475D2C1}
		{D2707955-E91F-411F-BA74-89B6247BC8F1} = {47239588-6CEC-4A66-859F-8937123EC7B6}
		{ECC23E9C-2A08-4F39-A6C9-FDD984D2333D} = {889D683E-7A41-44B6-825A-1DD1CB548F88}
		{E26FE2D5-8A0E-4917-9DD9-2F68DEEBC3C3} = {889D683E-7A41-44B6-825A-1DD1CB548F88}
		{ABA08B8C-7D48-4C32-83BB-BBC928F61877} = {D62FF386-830B-4AF4-964C-1277C475D2C1}
		{49DFE5C1-B081-4411-BE98-96E385DE9394} = {889D683E-7A41-44B6-825A-1DD1CB548F88}
		{F35CDF02-A5ED-4269-BB64-C9E9DFF27F85} = {D62FF386-830B-4AF4-964C-1277C475D2C1}
		{119FA315-2FE5-4F6C-A4CA-FF56E122D8DC} = {D62FF386-830B-4AF4-964C-1277C475D2C1}
		{CFC56159-C7F4-4C3D-80A6-3746F760C53B} = {62FF4A10-8DB8-4E4A-9BB3-DBD4731B1FB7}
		{776B9038-C2F0-40CC-8E35-64A41E639AEA} = {889D683E-7A41-44B6-825A-1DD1CB548F88}
		{044A1741-8A2E-48DF-AAED-620952DCF2FF} = {D62FF386-830B-4AF4-964C-1277C475D2C1}
	EndGlobalSection
	GlobalSection(ExtensibilityGlobals) = postSolution
		SolutionGuid = {18A6EBE1-EB6B-4105-A8D1-DCC8FA4B3894}
	EndGlobalSection
EndGlobal
